// !$*UTF8*$!
{
	archiveVersion = 1;
	classes = {
	};
	objectVersion = 46;
	objects = {

/* Begin PBXBuildFile section */
		2BACB4061B51D03700D5CC76 /* AppDelegate.swift in Sources */ = {isa = PBXBuildFile; fileRef = 2BACB4051B51D03700D5CC76 /* AppDelegate.swift */; };
		2BACB4081B51D03700D5CC76 /* PsychologistViewController.swift in Sources */ = {isa = PBXBuildFile; fileRef = 2BACB4071B51D03700D5CC76 /* PsychologistViewController.swift */; };
		2BACB40B1B51D03700D5CC76 /* Main.storyboard in Resources */ = {isa = PBXBuildFile; fileRef = 2BACB4091B51D03700D5CC76 /* Main.storyboard */; };
		2BACB40D1B51D03700D5CC76 /* Images.xcassets in Resources */ = {isa = PBXBuildFile; fileRef = 2BACB40C1B51D03700D5CC76 /* Images.xcassets */; };
		2BACB4101B51D03700D5CC76 /* LaunchScreen.xib in Resources */ = {isa = PBXBuildFile; fileRef = 2BACB40E1B51D03700D5CC76 /* LaunchScreen.xib */; };
		2BACB41C1B51D03700D5CC76 /* PsychologistTests.swift in Sources */ = {isa = PBXBuildFile; fileRef = 2BACB41B1B51D03700D5CC76 /* PsychologistTests.swift */; };
		2BACB4271B51D4E900D5CC76 /* HappinessViewController.swift in Sources */ = {isa = PBXBuildFile; fileRef = 2BACB4251B51D4E900D5CC76 /* HappinessViewController.swift */; };
		2BACB4281B51D4E900D5CC76 /* FaceView.swift in Sources */ = {isa = PBXBuildFile; fileRef = 2BACB4261B51D4E900D5CC76 /* FaceView.swift */; };
/* End PBXBuildFile section */

/* Begin PBXContainerItemProxy section */
		2BACB4161B51D03700D5CC76 /* PBXContainerItemProxy */ = {
			isa = PBXContainerItemProxy;
			containerPortal = 2BACB3F81B51D03600D5CC76 /* Project object */;
			proxyType = 1;
			remoteGlobalIDString = 2BACB3FF1B51D03600D5CC76;
			remoteInfo = Psychologist;
		};
/* End PBXContainerItemProxy section */

/* Begin PBXFileReference section */
		2BACB4001B51D03600D5CC76 /* Psychologist.app */ = {isa = PBXFileReference; explicitFileType = wrapper.application; includeInIndex = 0; path = Psychologist.app; sourceTree = BUILT_PRODUCTS_DIR; };
		2BACB4041B51D03700D5CC76 /* Info.plist */ = {isa = PBXFileReference; lastKnownFileType = text.plist.xml; path = Info.plist; sourceTree = "<group>"; };
		2BACB4051B51D03700D5CC76 /* AppDelegate.swift */ = {isa = PBXFileReference; lastKnownFileType = sourcecode.swift; path = AppDelegate.swift; sourceTree = "<group>"; };
		2BACB4071B51D03700D5CC76 /* PsychologistViewController.swift */ = {isa = PBXFileReference; lastKnownFileType = sourcecode.swift; path = PsychologistViewController.swift; sourceTree = "<group>"; };
		2BACB40A1B51D03700D5CC76 /* Base */ = {isa = PBXFileReference; lastKnownFileType = file.storyboard; name = Base; path = Base.lproj/Main.storyboard; sourceTree = "<group>"; };
		2BACB40C1B51D03700D5CC76 /* Images.xcassets */ = {isa = PBXFileReference; lastKnownFileType = folder.assetcatalog; path = Images.xcassets; sourceTree = "<group>"; };
		2BACB40F1B51D03700D5CC76 /* Base */ = {isa = PBXFileReference; lastKnownFileType = file.xib; name = Base; path = Base.lproj/LaunchScreen.xib; sourceTree = "<group>"; };
		2BACB4151B51D03700D5CC76 /* PsychologistTests.xctest */ = {isa = PBXFileReference; explicitFileType = wrapper.cfbundle; includeInIndex = 0; path = PsychologistTests.xctest; sourceTree = BUILT_PRODUCTS_DIR; };
		2BACB41A1B51D03700D5CC76 /* Info.plist */ = {isa = PBXFileReference; lastKnownFileType = text.plist.xml; path = Info.plist; sourceTree = "<group>"; };
		2BACB41B1B51D03700D5CC76 /* PsychologistTests.swift */ = {isa = PBXFileReference; lastKnownFileType = sourcecode.swift; path = PsychologistTests.swift; sourceTree = "<group>"; };
		2BACB4251B51D4E900D5CC76 /* HappinessViewController.swift */ = {isa = PBXFileReference; fileEncoding = 4; lastKnownFileType = sourcecode.swift; path = HappinessViewController.swift; sourceTree = "<group>"; };
		2BACB4261B51D4E900D5CC76 /* FaceView.swift */ = {isa = PBXFileReference; fileEncoding = 4; lastKnownFileType = sourcecode.swift; path = FaceView.swift; sourceTree = "<group>"; };
/* End PBXFileReference section */

/* Begin PBXFrameworksBuildPhase section */
		2BACB3FD1B51D03600D5CC76 /* Frameworks */ = {
			isa = PBXFrameworksBuildPhase;
			buildActionMask = 2147483647;
			files = (
			);
			runOnlyForDeploymentPostprocessing = 0;
		};
		2BACB4121B51D03700D5CC76 /* Frameworks */ = {
			isa = PBXFrameworksBuildPhase;
			buildActionMask = 2147483647;
			files = (
			);
			runOnlyForDeploymentPostprocessing = 0;
		};
/* End PBXFrameworksBuildPhase section */

/* Begin PBXGroup section */
		2BACB3F71B51D03600D5CC76 = {
			isa = PBXGroup;
			children = (
				2BACB4021B51D03600D5CC76 /* Psychologist */,
				2BACB4181B51D03700D5CC76 /* PsychologistTests */,
				2BACB4011B51D03600D5CC76 /* Products */,
			);
			sourceTree = "<group>";
		};
		2BACB4011B51D03600D5CC76 /* Products */ = {
			isa = PBXGroup;
			children = (
				2BACB4001B51D03600D5CC76 /* Psychologist.app */,
				2BACB4151B51D03700D5CC76 /* PsychologistTests.xctest */,
			);
			name = Products;
			sourceTree = "<group>";
		};
		2BACB4021B51D03600D5CC76 /* Psychologist */ = {
			isa = PBXGroup;
			children = (
				2BACB4251B51D4E900D5CC76 /* HappinessViewController.swift */,
				2BACB4261B51D4E900D5CC76 /* FaceView.swift */,
				2BACB4071B51D03700D5CC76 /* PsychologistViewController.swift */,
				2BACB4091B51D03700D5CC76 /* Main.storyboard */,
				2BACB4031B51D03700D5CC76 /* Supporting Files */,
			);
			path = Psychologist;
			sourceTree = "<group>";
		};
		2BACB4031B51D03700D5CC76 /* Supporting Files */ = {
			isa = PBXGroup;
			children = (
				2BACB4051B51D03700D5CC76 /* AppDelegate.swift */,
				2BACB40E1B51D03700D5CC76 /* LaunchScreen.xib */,
				2BACB40C1B51D03700D5CC76 /* Images.xcassets */,
				2BACB4041B51D03700D5CC76 /* Info.plist */,
			);
			name = "Supporting Files";
			sourceTree = "<group>";
		};
		2BACB4181B51D03700D5CC76 /* PsychologistTests */ = {
			isa = PBXGroup;
			children = (
				2BACB41B1B51D03700D5CC76 /* PsychologistTests.swift */,
				2BACB4191B51D03700D5CC76 /* Supporting Files */,
			);
			path = PsychologistTests;
			sourceTree = "<group>";
		};
		2BACB4191B51D03700D5CC76 /* Supporting Files */ = {
			isa = PBXGroup;
			children = (
				2BACB41A1B51D03700D5CC76 /* Info.plist */,
			);
			name = "Supporting Files";
			sourceTree = "<group>";
		};
/* End PBXGroup section */

/* Begin PBXNativeTarget section */
		2BACB3FF1B51D03600D5CC76 /* Psychologist */ = {
			isa = PBXNativeTarget;
			buildConfigurationList = 2BACB41F1B51D03700D5CC76 /* Build configuration list for PBXNativeTarget "Psychologist" */;
			buildPhases = (
				2BACB3FC1B51D03600D5CC76 /* Sources */,
				2BACB3FD1B51D03600D5CC76 /* Frameworks */,
				2BACB3FE1B51D03600D5CC76 /* Resources */,
			);
			buildRules = (
			);
			dependencies = (
			);
			name = Psychologist;
			productName = Psychologist;
			productReference = 2BACB4001B51D03600D5CC76 /* Psychologist.app */;
			productType = "com.apple.product-type.application";
		};
		2BACB4141B51D03700D5CC76 /* PsychologistTests */ = {
			isa = PBXNativeTarget;
			buildConfigurationList = 2BACB4221B51D03700D5CC76 /* Build configuration list for PBXNativeTarget "PsychologistTests" */;
			buildPhases = (
				2BACB4111B51D03700D5CC76 /* Sources */,
				2BACB4121B51D03700D5CC76 /* Frameworks */,
				2BACB4131B51D03700D5CC76 /* Resources */,
			);
			buildRules = (
			);
			dependencies = (
				2BACB4171B51D03700D5CC76 /* PBXTargetDependency */,
			);
			name = PsychologistTests;
			productName = PsychologistTests;
			productReference = 2BACB4151B51D03700D5CC76 /* PsychologistTests.xctest */;
			productType = "com.apple.product-type.bundle.unit-test";
		};
/* End PBXNativeTarget section */

/* Begin PBXProject section */
		2BACB3F81B51D03600D5CC76 /* Project object */ = {
			isa = PBXProject;
			attributes = {
				LastUpgradeCheck = 0640;
				ORGANIZATIONNAME = "Charlie Yuan";
				TargetAttributes = {
					2BACB3FF1B51D03600D5CC76 = {
						CreatedOnToolsVersion = 6.4;
					};
					2BACB4141B51D03700D5CC76 = {
						CreatedOnToolsVersion = 6.4;
						TestTargetID = 2BACB3FF1B51D03600D5CC76;
					};
				};
			};
			buildConfigurationList = 2BACB3FB1B51D03600D5CC76 /* Build configuration list for PBXProject "Psychologist" */;
			compatibilityVersion = "Xcode 3.2";
			developmentRegion = English;
			hasScannedForEncodings = 0;
			knownRegions = (
				en,
				Base,
			);
			mainGroup = 2BACB3F71B51D03600D5CC76;
			productRefGroup = 2BACB4011B51D03600D5CC76 /* Products */;
			projectDirPath = "";
			projectRoot = "";
			targets = (
				2BACB3FF1B51D03600D5CC76 /* Psychologist */,
				2BACB4141B51D03700D5CC76 /* PsychologistTests */,
			);
		};
/* End PBXProject section */

/* Begin PBXResourcesBuildPhase section */
		2BACB3FE1B51D03600D5CC76 /* Resources */ = {
			isa = PBXResourcesBuildPhase;
			buildActionMask = 2147483647;
			files = (
				2BACB40B1B51D03700D5CC76 /* Main.storyboard in Resources */,
				2BACB4101B51D03700D5CC76 /* LaunchScreen.xib in Resources */,
				2BACB40D1B51D03700D5CC76 /* Images.xcassets in Resources */,
			);
			runOnlyForDeploymentPostprocessing = 0;
		};
		2BACB4131B51D03700D5CC76 /* Resources */ = {
			isa = PBXResourcesBuildPhase;
			buildActionMask = 2147483647;
			files = (
			);
			runOnlyForDeploymentPostprocessing = 0;
		};
/* End PBXResourcesBuildPhase section */

/* Begin PBXSourcesBuildPhase section */
		2BACB3FC1B51D03600D5CC76 /* Sources */ = {
			isa = PBXSourcesBuildPhase;
			buildActionMask = 2147483647;
			files = (
				2BACB4081B51D03700D5CC76 /* PsychologistViewController.swift in Sources */,
				2BACB4271B51D4E900D5CC76 /* HappinessViewController.swift in Sources */,
				2BACB4061B51D03700D5CC76 /* AppDelegate.swift in Sources */,
				2BACB4281B51D4E900D5CC76 /* FaceView.swift in Sources */,
			);
			runOnlyForDeploymentPostprocessing = 0;
		};
		2BACB4111B51D03700D5CC76 /* Sources */ = {
			isa = PBXSourcesBuildPhase;
			buildActionMask = 2147483647;
			files = (
				2BACB41C1B51D03700D5CC76 /* PsychologistTests.swift in Sources */,
			);
			runOnlyForDeploymentPostprocessing = 0;
		};
/* End PBXSourcesBuildPhase section */

/* Begin PBXTargetDependency section */
		2BACB4171B51D03700D5CC76 /* PBXTargetDependency */ = {
			isa = PBXTargetDependency;
			target = 2BACB3FF1B51D03600D5CC76 /* Psychologist */;
			targetProxy = 2BACB4161B51D03700D5CC76 /* PBXContainerItemProxy */;
		};
/* End PBXTargetDependency section */

/* Begin PBXVariantGroup section */
		2BACB4091B51D03700D5CC76 /* Main.storyboard */ = {
			isa = PBXVariantGroup;
			children = (
				2BACB40A1B51D03700D5CC76 /* Base */,
			);
			name = Main.storyboard;
			sourceTree = "<group>";
		};
		2BACB40E1B51D03700D5CC76 /* LaunchScreen.xib */ = {
			isa = PBXVariantGroup;
			children = (
				2BACB40F1B51D03700D5CC76 /* Base */,
			);
			name = LaunchScreen.xib;
			sourceTree = "<group>";
		};
/* End PBXVariantGroup section */

/* Begin XCBuildConfiguration section */
		2BACB41D1B51D03700D5CC76 /* Debug */ = {
			isa = XCBuildConfiguration;
			buildSettings = {
				ALWAYS_SEARCH_USER_PATHS = NO;
				CLANG_CXX_LANGUAGE_STANDARD = "gnu++0x";
				CLANG_CXX_LIBRARY = "libc++";
				CLANG_ENABLE_MODULES = YES;
				CLANG_ENABLE_OBJC_ARC = YES;
				CLANG_WARN_BOOL_CONVERSION = YES;
				CLANG_WARN_CONSTANT_CONVERSION = YES;
				CLANG_WARN_DIRECT_OBJC_ISA_USAGE = YES_ERROR;
				CLANG_WARN_EMPTY_BODY = YES;
				CLANG_WARN_ENUM_CONVERSION = YES;
				CLANG_WARN_INT_CONVERSION = YES;
				CLANG_WARN_OBJC_ROOT_CLASS = YES_ERROR;
				CLANG_WARN_UNREACHABLE_CODE = YES;
				CLANG_WARN__DUPLICATE_METHOD_MATCH = YES;
				"CODE_SIGN_IDENTITY[sdk=iphoneos*]" = "iPhone Developer";
				COPY_PHASE_STRIP = NO;
				DEBUG_INFORMATION_FORMAT = "dwarf-with-dsym";
				ENABLE_STRICT_OBJC_MSGSEND = YES;
				GCC_C_LANGUAGE_STANDARD = gnu99;
				GCC_DYNAMIC_NO_PIC = NO;
				GCC_NO_COMMON_BLOCKS = YES;
				GCC_OPTIMIZATION_LEVEL = 0;
				GCC_PREPROCESSOR_DEFINITIONS = (
					"DEBUG=1",
					"$(inherited)",
				);
				GCC_SYMBOLS_PRIVATE_EXTERN = NO;
				GCC_WARN_64_TO_32_BIT_CONVERSION = YES;
				GCC_WARN_ABOUT_RETURN_TYPE = YES_ERROR;
				GCC_WARN_UNDECLARED_SELECTOR = YES;
				GCC_WARN_UNINITIALIZED_AUTOS = YES_AGGRESSIVE;
				GCC_WARN_UNUSED_FUNCTION = YES;
				GCC_WARN_UNUSED_VARIABLE = YES;
				IPHONEOS_DEPLOYMENT_TARGET = 8.4;
				MTL_ENABLE_DEBUG_INFO = YES;
				ONLY_ACTIVE_ARCH = YES;
				SDKROOT = iphoneos;
				SWIFT_OPTIMIZATION_LEVEL = "-Onone";
				TARGETED_DEVICE_FAMILY = "1,2";
			};
			name = Debug;
		};
		2BACB41E1B51D03700D5CC76 /* Release */ = {
			isa = XCBuildConfiguration;
			buildSettings = {
				ALWAYS_SEARCH_USER_PATHS = NO;
				CLANG_CXX_LANGUAGE_STANDARD = "gnu++0x";
				CLANG_CXX_LIBRARY = "libc++";
				CLANG_ENABLE_MODULES = YES;
				CLANG_ENABLE_OBJC_ARC = YES;
				CLANG_WARN_BOOL_CONVERSION = YES;
				CLANG_WARN_CONSTANT_CONVERSION = YES;
				CLANG_WARN_DIRECT_OBJC_ISA_USAGE = YES_ERROR;
				CLANG_WARN_EMPTY_BODY = YES;
				CLANG_WARN_ENUM_CONVERSION = YES;
				CLANG_WARN_INT_CONVERSION = YES;
				CLANG_WARN_OBJC_ROOT_CLASS = YES_ERROR;
				CLANG_WARN_UNREACHABLE_CODE = YES;
				CLANG_WARN__DUPLICATE_METHOD_MATCH = YES;
				"CODE_SIGN_IDENTITY[sdk=iphoneos*]" = "iPhone Developer";
				COPY_PHASE_STRIP = NO;
				DEBUG_INFORMATION_FORMAT = "dwarf-with-dsym";
				ENABLE_NS_ASSERTIONS = NO;
				ENABLE_STRICT_OBJC_MSGSEND = YES;
				GCC_C_LANGUAGE_STANDARD = gnu99;
				GCC_NO_COMMON_BLOCKS = YES;
				GCC_WARN_64_TO_32_BIT_CONVERSION = YES;
				GCC_WARN_ABOUT_RETURN_TYPE = YES_ERROR;
				GCC_WARN_UNDECLARED_SELECTOR = YES;
				GCC_WARN_UNINITIALIZED_AUTOS = YES_AGGRESSIVE;
				GCC_WARN_UNUSED_FUNCTION = YES;
				GCC_WARN_UNUSED_VARIABLE = YES;
				IPHONEOS_DEPLOYMENT_TARGET = 8.4;
				MTL_ENABLE_DEBUG_INFO = NO;
				SDKROOT = iphoneos;
				TARGETED_DEVICE_FAMILY = "1,2";
				VALIDATE_PRODUCT = YES;
			};
			name = Release;
		};
		2BACB4201B51D03700D5CC76 /* Debug */ = {
			isa = XCBuildConfiguration;
			buildSettings = {
				ASSETCATALOG_COMPILER_APPICON_NAME = AppIcon;
				INFOPLIST_FILE = Psychologist/Info.plist;
				LD_RUNPATH_SEARCH_PATHS = "$(inherited) @executable_path/Frameworks";
				PRODUCT_NAME = "$(TARGET_NAME)";
			};
			name = Debug;
		};
		2BACB4211B51D03700D5CC76 /* Release */ = {
			isa = XCBuildConfiguration;
			buildSettings = {
				ASSETCATALOG_COMPILER_APPICON_NAME = AppIcon;
				INFOPLIST_FILE = Psychologist/Info.plist;
				LD_RUNPATH_SEARCH_PATHS = "$(inherited) @executable_path/Frameworks";
				PRODUCT_NAME = "$(TARGET_NAME)";
			};
			name = Release;
		};
		2BACB4231B51D03700D5CC76 /* Debug */ = {
			isa = XCBuildConfiguration;
			buildSettings = {
				BUNDLE_LOADER = "$(TEST_HOST)";
				FRAMEWORK_SEARCH_PATHS = (
					"$(SDKROOT)/Developer/Library/Frameworks",
					"$(inherited)",
				);
				GCC_PREPROCESSOR_DEFINITIONS = (
					"DEBUG=1",
					"$(inherited)",
				);
				INFOPLIST_FILE = PsychologistTests/Info.plist;
				LD_RUNPATH_SEARCH_PATHS = "$(inherited) @executable_path/Frameworks @loader_path/Frameworks";
				PRODUCT_NAME = "$(TARGET_NAME)";
				TEST_HOST = "$(BUILT_PRODUCTS_DIR)/Psychologist.app/Psychologist";
			};
			name = Debug;
		};
		2BACB4241B51D03700D5CC76 /* Release */ = {
			isa = XCBuildConfiguration;
			buildSettings = {
				BUNDLE_LOADER = "$(TEST_HOST)";
				FRAMEWORK_SEARCH_PATHS = (
					"$(SDKROOT)/Developer/Library/Frameworks",
					"$(inherited)",
				);
				INFOPLIST_FILE = PsychologistTests/Info.plist;
				LD_RUNPATH_SEARCH_PATHS = "$(inherited) @executable_path/Frameworks @loader_path/Frameworks";
				PRODUCT_NAME = "$(TARGET_NAME)";
				TEST_HOST = "$(BUILT_PRODUCTS_DIR)/Psychologist.app/Psychologist";
			};
			name = Release;
		};
/* End XCBuildConfiguration section */

/* Begin XCConfigurationList section */
		2BACB3FB1B51D03600D5CC76 /* Build configuration list for PBXProject "Psychologist" */ = {
			isa = XCConfigurationList;
			buildConfigurations = (
				2BACB41D1B51D03700D5CC76 /* Debug */,
				2BACB41E1B51D03700D5CC76 /* Release */,
			);
			defaultConfigurationIsVisible = 0;
			defaultConfigurationName = Release;
		};
		2BACB41F1B51D03700D5CC76 /* Build configuration list for PBXNativeTarget "Psychologist" */ = {
			isa = XCConfigurationList;
			buildConfigurations = (
				2BACB4201B51D03700D5CC76 /* Debug */,
				2BACB4211B51D03700D5CC76 /* Release */,
			);
			defaultConfigurationIsVisible = 0;
		};
		2BACB4221B51D03700D5CC76 /* Build configuration list for PBXNativeTarget "PsychologistTests" */ = {
			isa = XCConfigurationList;
			buildConfigurations = (
				2BACB4231B51D03700D5CC76 /* Debug */,
				2BACB4241B51D03700D5CC76 /* Release */,
			);
			defaultConfigurationIsVisible = 0;
		};
/* End XCConfigurationList section */
	};
	rootObject = 2BACB3F81B51D03600D5CC76 /* Project object */;
}
